
Microsoft Visual Studio Solution File, Format Version 12.00
# Visual Studio Version 17
VisualStudioVersion = 17.3.32901.215
MinimumVisualStudioVersion = 10.0.40219.1
Project("{FAE04EC0-301F-11D3-BF4B-00C04F79EFBC}") = "VisorDeImagenes", "VisorDeImagenes\VisorDeImagenes.csproj", "{C935BF73-2641-417E-90DD-1F9CEDDC700D}"
EndProject
Global
	GlobalSection(SolutionConfigurationPlatforms) = preSolution
		Debug|Any CPU = Debug|Any CPU
		Release|Any CPU = Release|Any CPU
	EndGlobalSection
	GlobalSection(ProjectConfigurationPlatforms) = postSolution
		{C935BF73-2641-417E-90DD-1F9CEDDC700D}.Debug|Any CPU.ActiveCfg = Debug|Any CPU
		{C935BF73-2641-417E-90DD-1F9CEDDC700D}.Debug|Any CPU.Build.0 = Debug|Any CPU
		{C935BF73-2641-417E-90DD-1F9CEDDC700D}.Release|Any CPU.ActiveCfg = Release|Any CPU
		{C935BF73-2641-417E-90DD-1F9CEDDC700D}.Release|Any CPU.Build.0 = Release|Any CPU
	EndGlobalSection
	GlobalSection(SolutionProperties) = preSolution
		HideSolutionNode = FALSE
	EndGlobalSection
	GlobalSection(ExtensibilityGlobals) = postSolution
		SolutionGuid = {84EA2831-E96D-415E-8F27-10FEB5E3CC9C}
	EndGlobalSection
EndGlobal
